
Microsoft Visual Studio Solution File, Format Version 12.00
# Visual Studio 14
VisualStudioVersion = 14.0.25123.0
MinimumVisualStudioVersion = 10.0.40219.1
Project("{2150E333-8FDC-42A3-9474-1A3956D46DE8}") = "src", "src", "{504A334F-C199-424E-93B7-BC445F604E49}"
EndProject
Project("{2150E333-8FDC-42A3-9474-1A3956D46DE8}") = "Solution Items", "Solution Items", "{970020AC-3106-40A0-B603-CCB370DF59CC}"
	ProjectSection(SolutionItems) = preProject
		global.json = global.json
	EndProjectSection
EndProject
Project("{8BB2217D-0F2D-49D1-97BC-3654ED321F3B}") = "mvc_EditorTemplates_Test-01", "src\mvc_EditorTemplates_Test-01\mvc_EditorTemplates_Test-01.xproj", "{0AABE8CA-E797-4ADD-B014-67F8D81DE5DF}"
EndProject
Global
	GlobalSection(SolutionConfigurationPlatforms) = preSolution
		Debug|Any CPU = Debug|Any CPU
		Release|Any CPU = Release|Any CPU
	EndGlobalSection
	GlobalSection(ProjectConfigurationPlatforms) = postSolution
		{0AABE8CA-E797-4ADD-B014-67F8D81DE5DF}.Debug|Any CPU.ActiveCfg = Debug|Any CPU
		{0AABE8CA-E797-4ADD-B014-67F8D81DE5DF}.Debug|Any CPU.Build.0 = Debug|Any CPU
		{0AABE8CA-E797-4ADD-B014-67F8D81DE5DF}.Release|Any CPU.ActiveCfg = Release|Any CPU
		{0AABE8CA-E797-4ADD-B014-67F8D81DE5DF}.Release|Any CPU.Build.0 = Release|Any CPU
	EndGlobalSection
	GlobalSection(SolutionProperties) = preSolution
		HideSolutionNode = FALSE
	EndGlobalSection
	GlobalSection(NestedProjects) = preSolution
		{0AABE8CA-E797-4ADD-B014-67F8D81DE5DF} = {504A334F-C199-424E-93B7-BC445F604E49}
	EndGlobalSection
EndGlobal
